// !$*UTF8*$!
{
	archiveVersion = 1;
	classes = {
	};
	objectVersion = 46;
	objects = {

/* Begin PBXBuildFile section */
		C04516711D7B16F200D968D0 /* main.m in Sources */ = {isa = PBXBuildFile; fileRef = C04516701D7B16F200D968D0 /* main.m */; };
		C04516741D7B16F200D968D0 /* AppDelegate.m in Sources */ = {isa = PBXBuildFile; fileRef = C04516731D7B16F200D968D0 /* AppDelegate.m */; };
		C04516771D7B16F200D968D0 /* ViewController.m in Sources */ = {isa = PBXBuildFile; fileRef = C04516761D7B16F200D968D0 /* ViewController.m */; };
		C045167A1D7B16F300D968D0 /* Main.storyboard in Resources */ = {isa = PBXBuildFile; fileRef = C04516781D7B16F300D968D0 /* Main.storyboard */; };
		C045167C1D7B16F300D968D0 /* Assets.xcassets in Resources */ = {isa = PBXBuildFile; fileRef = C045167B1D7B16F300D968D0 /* Assets.xcassets */; };
		C045167F1D7B16F300D968D0 /* LaunchScreen.storyboard in Resources */ = {isa = PBXBuildFile; fileRef = C045167D1D7B16F300D968D0 /* LaunchScreen.storyboard */; };
		C045168A1D7B16F400D968D0 /* Color_It_Tests.m in Sources */ = {isa = PBXBuildFile; fileRef = C04516891D7B16F400D968D0 /* Color_It_Tests.m */; };
		C04516951D7B16F400D968D0 /* Color_It_UITests.m in Sources */ = {isa = PBXBuildFile; fileRef = C04516941D7B16F400D968D0 /* Color_It_UITests.m */; };
		C04516A41D7B1E5800D968D0 /* ColorPicker.m in Sources */ = {isa = PBXBuildFile; fileRef = C04516A31D7B1E5800D968D0 /* ColorPicker.m */; };
		C04516AC1D7DD70700D968D0 /* cat-wallpaper-15.jpg in Resources */ = {isa = PBXBuildFile; fileRef = C04516AB1D7DD70600D968D0 /* cat-wallpaper-15.jpg */; };
		C06182131D8ADF5100BED9DC /* TransformationView.xib in Resources */ = {isa = PBXBuildFile; fileRef = C06182121D8ADF5000BED9DC /* TransformationView.xib */; };
		C09DB0351D9DB34800C79AF1 /* AQPhotoPicker.m in Sources */ = {isa = PBXBuildFile; fileRef = C09DB0331D9DB34800C79AF1 /* AQPhotoPicker.m */; };
		C09DB0381D9DB53D00C79AF1 /* camera.png in Resources */ = {isa = PBXBuildFile; fileRef = C09DB0371D9DB53D00C79AF1 /* camera.png */; };
		C09DB03A1D9DB54800C79AF1 /* camera@2x.png in Resources */ = {isa = PBXBuildFile; fileRef = C09DB0391D9DB54800C79AF1 /* camera@2x.png */; };
		C09DB03D1D9DB55500C79AF1 /* images.png in Resources */ = {isa = PBXBuildFile; fileRef = C09DB03B1D9DB55500C79AF1 /* images.png */; };
		C09DB03E1D9DB55500C79AF1 /* images@2x.png in Resources */ = {isa = PBXBuildFile; fileRef = C09DB03C1D9DB55500C79AF1 /* images@2x.png */; };
		C09DB0411D9EAE7D00C79AF1 /* DrawingScene.m in Sources */ = {isa = PBXBuildFile; fileRef = C09DB0401D9EAE7D00C79AF1 /* DrawingScene.m */; };
		C09DB0441DA099AE00C79AF1 /* PathElement.m in Sources */ = {isa = PBXBuildFile; fileRef = C09DB0431DA099AE00C79AF1 /* PathElement.m */; };
		C09DB0461DA09D2F00C79AF1 /* empty.png in Resources */ = {isa = PBXBuildFile; fileRef = C09DB0451DA09D2F00C79AF1 /* empty.png */; };
		C0CABCF81D98870C004D64A2 /* eraser.png in Resources */ = {isa = PBXBuildFile; fileRef = C0CABCF71D98870C004D64A2 /* eraser.png */; };
		C0CABCFA1D988715004D64A2 /* eraser@2x.png in Resources */ = {isa = PBXBuildFile; fileRef = C0CABCF91D988715004D64A2 /* eraser@2x.png */; };
		C0CABD001D988A73004D64A2 /* save.png in Resources */ = {isa = PBXBuildFile; fileRef = C0CABCFF1D988A73004D64A2 /* save.png */; };
		C0CABD021D988A7B004D64A2 /* save@2x.png in Resources */ = {isa = PBXBuildFile; fileRef = C0CABD011D988A7B004D64A2 /* save@2x.png */; };
		C0CABD041D988B2F004D64A2 /* clear.png in Resources */ = {isa = PBXBuildFile; fileRef = C0CABD031D988B2F004D64A2 /* clear.png */; };
		C0CABD061D988B36004D64A2 /* clear@2x.png in Resources */ = {isa = PBXBuildFile; fileRef = C0CABD051D988B36004D64A2 /* clear@2x.png */; };
/* End PBXBuildFile section */

/* Begin PBXContainerItemProxy section */
		C04516861D7B16F400D968D0 /* PBXContainerItemProxy */ = {
			isa = PBXContainerItemProxy;
			containerPortal = C04516641D7B16F200D968D0 /* Project object */;
			proxyType = 1;
			remoteGlobalIDString = C045166B1D7B16F200D968D0;
			remoteInfo = "Color It!";
		};
		C04516911D7B16F400D968D0 /* PBXContainerItemProxy */ = {
			isa = PBXContainerItemProxy;
			containerPortal = C04516641D7B16F200D968D0 /* Project object */;
			proxyType = 1;
			remoteGlobalIDString = C045166B1D7B16F200D968D0;
			remoteInfo = "Color It!";
		};
/* End PBXContainerItemProxy section */

/* Begin PBXFileReference section */
		C045166C1D7B16F200D968D0 /* Color It!.app */ = {isa = PBXFileReference; explicitFileType = wrapper.application; includeInIndex = 0; path = "Color It!.app"; sourceTree = BUILT_PRODUCTS_DIR; };
		C04516701D7B16F200D968D0 /* main.m */ = {isa = PBXFileReference; lastKnownFileType = sourcecode.c.objc; path = main.m; sourceTree = "<group>"; };
		C04516721D7B16F200D968D0 /* AppDelegate.h */ = {isa = PBXFileReference; lastKnownFileType = sourcecode.c.h; path = AppDelegate.h; sourceTree = "<group>"; };
		C04516731D7B16F200D968D0 /* AppDelegate.m */ = {isa = PBXFileReference; lastKnownFileType = sourcecode.c.objc; path = AppDelegate.m; sourceTree = "<group>"; };
		C04516751D7B16F200D968D0 /* ViewController.h */ = {isa = PBXFileReference; lastKnownFileType = sourcecode.c.h; path = ViewController.h; sourceTree = "<group>"; };
		C04516761D7B16F200D968D0 /* ViewController.m */ = {isa = PBXFileReference; lastKnownFileType = sourcecode.c.objc; path = ViewController.m; sourceTree = "<group>"; };
		C04516791D7B16F300D968D0 /* Base */ = {isa = PBXFileReference; lastKnownFileType = file.storyboard; name = Base; path = Base.lproj/Main.storyboard; sourceTree = "<group>"; };
		C045167B1D7B16F300D968D0 /* Assets.xcassets */ = {isa = PBXFileReference; lastKnownFileType = folder.assetcatalog; path = Assets.xcassets; sourceTree = "<group>"; };
		C045167E1D7B16F300D968D0 /* Base */ = {isa = PBXFileReference; lastKnownFileType = file.storyboard; name = Base; path = Base.lproj/LaunchScreen.storyboard; sourceTree = "<group>"; };
		C04516801D7B16F300D968D0 /* Info.plist */ = {isa = PBXFileReference; lastKnownFileType = text.plist.xml; path = Info.plist; sourceTree = "<group>"; };
		C04516851D7B16F400D968D0 /* Color It!Tests.xctest */ = {isa = PBXFileReference; explicitFileType = wrapper.cfbundle; includeInIndex = 0; path = "Color It!Tests.xctest"; sourceTree = BUILT_PRODUCTS_DIR; };
		C04516891D7B16F400D968D0 /* Color_It_Tests.m */ = {isa = PBXFileReference; lastKnownFileType = sourcecode.c.objc; path = Color_It_Tests.m; sourceTree = "<group>"; };
		C045168B1D7B16F400D968D0 /* Info.plist */ = {isa = PBXFileReference; lastKnownFileType = text.plist.xml; path = Info.plist; sourceTree = "<group>"; };
		C04516901D7B16F400D968D0 /* Color It!UITests.xctest */ = {isa = PBXFileReference; explicitFileType = wrapper.cfbundle; includeInIndex = 0; path = "Color It!UITests.xctest"; sourceTree = BUILT_PRODUCTS_DIR; };
		C04516941D7B16F400D968D0 /* Color_It_UITests.m */ = {isa = PBXFileReference; lastKnownFileType = sourcecode.c.objc; path = Color_It_UITests.m; sourceTree = "<group>"; };
		C04516961D7B16F400D968D0 /* Info.plist */ = {isa = PBXFileReference; lastKnownFileType = text.plist.xml; path = Info.plist; sourceTree = "<group>"; };
		C04516A21D7B1E5800D968D0 /* ColorPicker.h */ = {isa = PBXFileReference; fileEncoding = 4; lastKnownFileType = sourcecode.c.h; path = ColorPicker.h; sourceTree = "<group>"; };
		C04516A31D7B1E5800D968D0 /* ColorPicker.m */ = {isa = PBXFileReference; fileEncoding = 4; lastKnownFileType = sourcecode.c.objc; path = ColorPicker.m; sourceTree = "<group>"; };
		C04516AB1D7DD70600D968D0 /* cat-wallpaper-15.jpg */ = {isa = PBXFileReference; lastKnownFileType = image.jpeg; path = "cat-wallpaper-15.jpg"; sourceTree = "<group>"; };
		C06182121D8ADF5000BED9DC /* TransformationView.xib */ = {isa = PBXFileReference; fileEncoding = 4; lastKnownFileType = file.xib; path = TransformationView.xib; sourceTree = "<group>"; };
		C09DB0321D9DB34800C79AF1 /* AQPhotoPicker.h */ = {isa = PBXFileReference; fileEncoding = 4; lastKnownFileType = sourcecode.c.h; path = AQPhotoPicker.h; sourceTree = "<group>"; };
		C09DB0331D9DB34800C79AF1 /* AQPhotoPicker.m */ = {isa = PBXFileReference; fileEncoding = 4; lastKnownFileType = sourcecode.c.objc; path = AQPhotoPicker.m; sourceTree = "<group>"; };
		C09DB0371D9DB53D00C79AF1 /* camera.png */ = {isa = PBXFileReference; lastKnownFileType = image.png; path = camera.png; sourceTree = "<group>"; };
		C09DB0391D9DB54800C79AF1 /* camera@2x.png */ = {isa = PBXFileReference; lastKnownFileType = image.png; path = "camera@2x.png"; sourceTree = "<group>"; };
		C09DB03B1D9DB55500C79AF1 /* images.png */ = {isa = PBXFileReference; lastKnownFileType = image.png; path = images.png; sourceTree = "<group>"; };
		C09DB03C1D9DB55500C79AF1 /* images@2x.png */ = {isa = PBXFileReference; lastKnownFileType = image.png; path = "images@2x.png"; sourceTree = "<group>"; };
		C09DB03F1D9EAE7D00C79AF1 /* DrawingScene.h */ = {isa = PBXFileReference; fileEncoding = 4; lastKnownFileType = sourcecode.c.h; path = DrawingScene.h; sourceTree = "<group>"; };
		C09DB0401D9EAE7D00C79AF1 /* DrawingScene.m */ = {isa = PBXFileReference; fileEncoding = 4; lastKnownFileType = sourcecode.c.objc; path = DrawingScene.m; sourceTree = "<group>"; };
		C09DB0421DA099AE00C79AF1 /* PathElement.h */ = {isa = PBXFileReference; fileEncoding = 4; lastKnownFileType = sourcecode.c.h; path = PathElement.h; sourceTree = "<group>"; };
		C09DB0431DA099AE00C79AF1 /* PathElement.m */ = {isa = PBXFileReference; fileEncoding = 4; lastKnownFileType = sourcecode.c.objc; path = PathElement.m; sourceTree = "<group>"; };
		C09DB0451DA09D2F00C79AF1 /* empty.png */ = {isa = PBXFileReference; lastKnownFileType = image.png; path = empty.png; sourceTree = "<group>"; };
		C0CABCF71D98870C004D64A2 /* eraser.png */ = {isa = PBXFileReference; lastKnownFileType = image.png; path = eraser.png; sourceTree = "<group>"; };
		C0CABCF91D988715004D64A2 /* eraser@2x.png */ = {isa = PBXFileReference; lastKnownFileType = image.png; path = "eraser@2x.png"; sourceTree = "<group>"; };
		C0CABCFF1D988A73004D64A2 /* save.png */ = {isa = PBXFileReference; lastKnownFileType = image.png; path = save.png; sourceTree = "<group>"; };
		C0CABD011D988A7B004D64A2 /* save@2x.png */ = {isa = PBXFileReference; lastKnownFileType = image.png; path = "save@2x.png"; sourceTree = "<group>"; };
		C0CABD031D988B2F004D64A2 /* clear.png */ = {isa = PBXFileReference; lastKnownFileType = image.png; path = clear.png; sourceTree = "<group>"; };
		C0CABD051D988B36004D64A2 /* clear@2x.png */ = {isa = PBXFileReference; lastKnownFileType = image.png; path = "clear@2x.png"; sourceTree = "<group>"; };
/* End PBXFileReference section */

/* Begin PBXFrameworksBuildPhase section */
		C04516691D7B16F200D968D0 /* Frameworks */ = {
			isa = PBXFrameworksBuildPhase;
			buildActionMask = 2147483647;
			files = (
			);
			runOnlyForDeploymentPostprocessing = 0;
		};
		C04516821D7B16F400D968D0 /* Frameworks */ = {
			isa = PBXFrameworksBuildPhase;
			buildActionMask = 2147483647;
			files = (
			);
			runOnlyForDeploymentPostprocessing = 0;
		};
		C045168D1D7B16F400D968D0 /* Frameworks */ = {
			isa = PBXFrameworksBuildPhase;
			buildActionMask = 2147483647;
			files = (
			);
			runOnlyForDeploymentPostprocessing = 0;
		};
/* End PBXFrameworksBuildPhase section */

/* Begin PBXGroup section */
		C04516631D7B16F200D968D0 = {
			isa = PBXGroup;
			children = (
				C045166E1D7B16F200D968D0 /* Color It! */,
				C04516931D7B16F400D968D0 /* Color It!UITests */,
				C045166D1D7B16F200D968D0 /* Products */,
			);
			sourceTree = "<group>";
		};
		C045166D1D7B16F200D968D0 /* Products */ = {
			isa = PBXGroup;
			children = (
				C045166C1D7B16F200D968D0 /* Color It!.app */,
				C04516851D7B16F400D968D0 /* Color It!Tests.xctest */,
				C04516901D7B16F400D968D0 /* Color It!UITests.xctest */,
			);
			name = Products;
			sourceTree = "<group>";
		};
		C045166E1D7B16F200D968D0 /* Color It! */ = {
			isa = PBXGroup;
			children = (
				C09DB0451DA09D2F00C79AF1 /* empty.png */,
				C09DB03B1D9DB55500C79AF1 /* images.png */,
				C09DB03C1D9DB55500C79AF1 /* images@2x.png */,
				C09DB0391D9DB54800C79AF1 /* camera@2x.png */,
				C09DB0371D9DB53D00C79AF1 /* camera.png */,
				C09DB0321D9DB34800C79AF1 /* AQPhotoPicker.h */,
				C09DB0331D9DB34800C79AF1 /* AQPhotoPicker.m */,
				C0CABD051D988B36004D64A2 /* clear@2x.png */,
				C0CABD031D988B2F004D64A2 /* clear.png */,
				C0CABD011D988A7B004D64A2 /* save@2x.png */,
				C0CABCFF1D988A73004D64A2 /* save.png */,
				C0CABCF91D988715004D64A2 /* eraser@2x.png */,
				C0CABCF71D98870C004D64A2 /* eraser.png */,
				C04516AB1D7DD70600D968D0 /* cat-wallpaper-15.jpg */,
				C04516721D7B16F200D968D0 /* AppDelegate.h */,
				C04516731D7B16F200D968D0 /* AppDelegate.m */,
				C04516751D7B16F200D968D0 /* ViewController.h */,
				C04516761D7B16F200D968D0 /* ViewController.m */,
				C09DB03F1D9EAE7D00C79AF1 /* DrawingScene.h */,
				C09DB0401D9EAE7D00C79AF1 /* DrawingScene.m */,
				C09DB0421DA099AE00C79AF1 /* PathElement.h */,
				C09DB0431DA099AE00C79AF1 /* PathElement.m */,
				C04516781D7B16F300D968D0 /* Main.storyboard */,
				C045167B1D7B16F300D968D0 /* Assets.xcassets */,
				C045167D1D7B16F300D968D0 /* LaunchScreen.storyboard */,
				C04516801D7B16F300D968D0 /* Info.plist */,
				C045166F1D7B16F200D968D0 /* Supporting Files */,
				C04516A21D7B1E5800D968D0 /* ColorPicker.h */,
				C04516A31D7B1E5800D968D0 /* ColorPicker.m */,
				C04516881D7B16F400D968D0 /* Color It!Tests */,
				C06182121D8ADF5000BED9DC /* TransformationView.xib */,
			);
			path = "Color It!";
			sourceTree = "<group>";
		};
		C045166F1D7B16F200D968D0 /* Supporting Files */ = {
			isa = PBXGroup;
			children = (
				C04516701D7B16F200D968D0 /* main.m */,
			);
			name = "Supporting Files";
			sourceTree = "<group>";
		};
		C04516881D7B16F400D968D0 /* Color It!Tests */ = {
			isa = PBXGroup;
			children = (
				C04516891D7B16F400D968D0 /* Color_It_Tests.m */,
				C045168B1D7B16F400D968D0 /* Info.plist */,
			);
			path = "Color It!Tests";
			sourceTree = SOURCE_ROOT;
		};
		C04516931D7B16F400D968D0 /* Color It!UITests */ = {
			isa = PBXGroup;
			children = (
				C04516941D7B16F400D968D0 /* Color_It_UITests.m */,
				C04516961D7B16F400D968D0 /* Info.plist */,
			);
			path = "Color It!UITests";
			sourceTree = "<group>";
		};
/* End PBXGroup section */

/* Begin PBXNativeTarget section */
		C045166B1D7B16F200D968D0 /* Color It! */ = {
			isa = PBXNativeTarget;
			buildConfigurationList = C04516991D7B16F400D968D0 /* Build configuration list for PBXNativeTarget "Color It!" */;
			buildPhases = (
				C04516681D7B16F200D968D0 /* Sources */,
				C04516691D7B16F200D968D0 /* Frameworks */,
				C045166A1D7B16F200D968D0 /* Resources */,
			);
			buildRules = (
			);
			dependencies = (
			);
			name = "Color It!";
			productName = "Color It!";
			productReference = C045166C1D7B16F200D968D0 /* Color It!.app */;
			productType = "com.apple.product-type.application";
		};
		C04516841D7B16F400D968D0 /* Color It!Tests */ = {
			isa = PBXNativeTarget;
			buildConfigurationList = C045169C1D7B16F400D968D0 /* Build configuration list for PBXNativeTarget "Color It!Tests" */;
			buildPhases = (
				C04516811D7B16F400D968D0 /* Sources */,
				C04516821D7B16F400D968D0 /* Frameworks */,
				C04516831D7B16F400D968D0 /* Resources */,
			);
			buildRules = (
			);
			dependencies = (
				C04516871D7B16F400D968D0 /* PBXTargetDependency */,
			);
			name = "Color It!Tests";
			productName = "Color It!Tests";
			productReference = C04516851D7B16F400D968D0 /* Color It!Tests.xctest */;
			productType = "com.apple.product-type.bundle.unit-test";
		};
		C045168F1D7B16F400D968D0 /* Color It!UITests */ = {
			isa = PBXNativeTarget;
			buildConfigurationList = C045169F1D7B16F400D968D0 /* Build configuration list for PBXNativeTarget "Color It!UITests" */;
			buildPhases = (
				C045168C1D7B16F400D968D0 /* Sources */,
				C045168D1D7B16F400D968D0 /* Frameworks */,
				C045168E1D7B16F400D968D0 /* Resources */,
			);
			buildRules = (
			);
			dependencies = (
				C04516921D7B16F400D968D0 /* PBXTargetDependency */,
			);
			name = "Color It!UITests";
			productName = "Color It!UITests";
			productReference = C04516901D7B16F400D968D0 /* Color It!UITests.xctest */;
			productType = "com.apple.product-type.bundle.ui-testing";
		};
/* End PBXNativeTarget section */

/* Begin PBXProject section */
		C04516641D7B16F200D968D0 /* Project object */ = {
			isa = PBXProject;
			attributes = {
				LastUpgradeCheck = 0730;
				ORGANIZATIONNAME = "Gabriel Pulido";
				TargetAttributes = {
					C045166B1D7B16F200D968D0 = {
						CreatedOnToolsVersion = 7.3.1;
						DevelopmentTeam = RU7UDS67QY;
					};
					C04516841D7B16F400D968D0 = {
						CreatedOnToolsVersion = 7.3.1;
						DevelopmentTeam = KKYXPPH24T;
						TestTargetID = C045166B1D7B16F200D968D0;
					};
					C045168F1D7B16F400D968D0 = {
						CreatedOnToolsVersion = 7.3.1;
						DevelopmentTeam = KKYXPPH24T;
						TestTargetID = C045166B1D7B16F200D968D0;
					};
				};
			};
			buildConfigurationList = C04516671D7B16F200D968D0 /* Build configuration list for PBXProject "Color It!" */;
			compatibilityVersion = "Xcode 3.2";
			developmentRegion = English;
			hasScannedForEncodings = 0;
			knownRegions = (
				en,
				Base,
			);
			mainGroup = C04516631D7B16F200D968D0;
			productRefGroup = C045166D1D7B16F200D968D0 /* Products */;
			projectDirPath = "";
			projectRoot = "";
			targets = (
				C045166B1D7B16F200D968D0 /* Color It! */,
				C04516841D7B16F400D968D0 /* Color It!Tests */,
				C045168F1D7B16F400D968D0 /* Color It!UITests */,
			);
		};
/* End PBXProject section */

/* Begin PBXResourcesBuildPhase section */
		C045166A1D7B16F200D968D0 /* Resources */ = {
			isa = PBXResourcesBuildPhase;
			buildActionMask = 2147483647;
			files = (
				C09DB03E1D9DB55500C79AF1 /* images@2x.png in Resources */,
				C045167F1D7B16F300D968D0 /* LaunchScreen.storyboard in Resources */,
				C0CABD021D988A7B004D64A2 /* save@2x.png in Resources */,
				C0CABCF81D98870C004D64A2 /* eraser.png in Resources */,
				C0CABD001D988A73004D64A2 /* save.png in Resources */,
				C045167C1D7B16F300D968D0 /* Assets.xcassets in Resources */,
				C09DB03D1D9DB55500C79AF1 /* images.png in Resources */,
				C09DB0381D9DB53D00C79AF1 /* camera.png in Resources */,
				C0CABD061D988B36004D64A2 /* clear@2x.png in Resources */,
				C045167A1D7B16F300D968D0 /* Main.storyboard in Resources */,
				C06182131D8ADF5100BED9DC /* TransformationView.xib in Resources */,
				C09DB0461DA09D2F00C79AF1 /* empty.png in Resources */,
				C0CABD041D988B2F004D64A2 /* clear.png in Resources */,
				C09DB03A1D9DB54800C79AF1 /* camera@2x.png in Resources */,
				C04516AC1D7DD70700D968D0 /* cat-wallpaper-15.jpg in Resources */,
				C0CABCFA1D988715004D64A2 /* eraser@2x.png in Resources */,
			);
			runOnlyForDeploymentPostprocessing = 0;
		};
		C04516831D7B16F400D968D0 /* Resources */ = {
			isa = PBXResourcesBuildPhase;
			buildActionMask = 2147483647;
			files = (
			);
			runOnlyForDeploymentPostprocessing = 0;
		};
		C045168E1D7B16F400D968D0 /* Resources */ = {
			isa = PBXResourcesBuildPhase;
			buildActionMask = 2147483647;
			files = (
			);
			runOnlyForDeploymentPostprocessing = 0;
		};
/* End PBXResourcesBuildPhase section */

/* Begin PBXSourcesBuildPhase section */
		C04516681D7B16F200D968D0 /* Sources */ = {
			isa = PBXSourcesBuildPhase;
			buildActionMask = 2147483647;
			files = (
				C04516771D7B16F200D968D0 /* ViewController.m in Sources */,
				C09DB0411D9EAE7D00C79AF1 /* DrawingScene.m in Sources */,
				C09DB0351D9DB34800C79AF1 /* AQPhotoPicker.m in Sources */,
				C04516A41D7B1E5800D968D0 /* ColorPicker.m in Sources */,
				C04516741D7B16F200D968D0 /* AppDelegate.m in Sources */,
				C04516711D7B16F200D968D0 /* main.m in Sources */,
				C09DB0441DA099AE00C79AF1 /* PathElement.m in Sources */,
			);
			runOnlyForDeploymentPostprocessing = 0;
		};
		C04516811D7B16F400D968D0 /* Sources */ = {
			isa = PBXSourcesBuildPhase;
			buildActionMask = 2147483647;
			files = (
				C045168A1D7B16F400D968D0 /* Color_It_Tests.m in Sources */,
			);
			runOnlyForDeploymentPostprocessing = 0;
		};
		C045168C1D7B16F400D968D0 /* Sources */ = {
			isa = PBXSourcesBuildPhase;
			buildActionMask = 2147483647;
			files = (
				C04516951D7B16F400D968D0 /* Color_It_UITests.m in Sources */,
			);
			runOnlyForDeploymentPostprocessing = 0;
		};
/* End PBXSourcesBuildPhase section */

/* Begin PBXTargetDependency section */
		C04516871D7B16F400D968D0 /* PBXTargetDependency */ = {
			isa = PBXTargetDependency;
			target = C045166B1D7B16F200D968D0 /* Color It! */;
			targetProxy = C04516861D7B16F400D968D0 /* PBXContainerItemProxy */;
		};
		C04516921D7B16F400D968D0 /* PBXTargetDependency */ = {
			isa = PBXTargetDependency;
			target = C045166B1D7B16F200D968D0 /* Color It! */;
			targetProxy = C04516911D7B16F400D968D0 /* PBXContainerItemProxy */;
		};
/* End PBXTargetDependency section */

/* Begin PBXVariantGroup section */
		C04516781D7B16F300D968D0 /* Main.storyboard */ = {
			isa = PBXVariantGroup;
			children = (
				C04516791D7B16F300D968D0 /* Base */,
			);
			name = Main.storyboard;
			sourceTree = "<group>";
		};
		C045167D1D7B16F300D968D0 /* LaunchScreen.storyboard */ = {
			isa = PBXVariantGroup;
			children = (
				C045167E1D7B16F300D968D0 /* Base */,
			);
			name = LaunchScreen.storyboard;
			sourceTree = "<group>";
		};
/* End PBXVariantGroup section */

/* Begin XCBuildConfiguration section */
		C04516971D7B16F400D968D0 /* Debug */ = {
			isa = XCBuildConfiguration;
			buildSettings = {
				ALWAYS_SEARCH_USER_PATHS = NO;
				CLANG_ANALYZER_NONNULL = YES;
				CLANG_CXX_LANGUAGE_STANDARD = "gnu++0x";
				CLANG_CXX_LIBRARY = "libc++";
				CLANG_ENABLE_MODULES = YES;
				CLANG_ENABLE_OBJC_ARC = YES;
				CLANG_WARN_BOOL_CONVERSION = YES;
				CLANG_WARN_CONSTANT_CONVERSION = YES;
				CLANG_WARN_DIRECT_OBJC_ISA_USAGE = YES_ERROR;
				CLANG_WARN_EMPTY_BODY = YES;
				CLANG_WARN_ENUM_CONVERSION = YES;
				CLANG_WARN_INFINITE_RECURSION = YES;
				CLANG_WARN_INT_CONVERSION = YES;
				CLANG_WARN_OBJC_ROOT_CLASS = YES_ERROR;
				CLANG_WARN_SUSPICIOUS_MOVE = YES;
				CLANG_WARN_UNREACHABLE_CODE = YES;
				CLANG_WARN__DUPLICATE_METHOD_MATCH = YES;
				"CODE_SIGN_IDENTITY[sdk=iphoneos*]" = "iPhone Developer";
				COPY_PHASE_STRIP = NO;
				DEBUG_INFORMATION_FORMAT = dwarf;
				ENABLE_STRICT_OBJC_MSGSEND = YES;
				ENABLE_TESTABILITY = YES;
				GCC_C_LANGUAGE_STANDARD = gnu99;
				GCC_DYNAMIC_NO_PIC = NO;
				GCC_NO_COMMON_BLOCKS = YES;
				GCC_OPTIMIZATION_LEVEL = 0;
				GCC_PREPROCESSOR_DEFINITIONS = (
					"DEBUG=1",
					"$(inherited)",
				);
				GCC_WARN_64_TO_32_BIT_CONVERSION = YES;
				GCC_WARN_ABOUT_RETURN_TYPE = YES_ERROR;
				GCC_WARN_UNDECLARED_SELECTOR = YES;
				GCC_WARN_UNINITIALIZED_AUTOS = YES_AGGRESSIVE;
				GCC_WARN_UNUSED_FUNCTION = YES;
				GCC_WARN_UNUSED_VARIABLE = YES;
				IPHONEOS_DEPLOYMENT_TARGET = 9.3;
				MTL_ENABLE_DEBUG_INFO = YES;
				ONLY_ACTIVE_ARCH = YES;
				SDKROOT = iphoneos;
				TARGETED_DEVICE_FAMILY = "1,2";
			};
			name = Debug;
		};
		C04516981D7B16F400D968D0 /* Release */ = {
			isa = XCBuildConfiguration;
			buildSettings = {
				ALWAYS_SEARCH_USER_PATHS = NO;
				CLANG_ANALYZER_NONNULL = YES;
				CLANG_CXX_LANGUAGE_STANDARD = "gnu++0x";
				CLANG_CXX_LIBRARY = "libc++";
				CLANG_ENABLE_MODULES = YES;
				CLANG_ENABLE_OBJC_ARC = YES;
				CLANG_WARN_BOOL_CONVERSION = YES;
				CLANG_WARN_CONSTANT_CONVERSION = YES;
				CLANG_WARN_DIRECT_OBJC_ISA_USAGE = YES_ERROR;
				CLANG_WARN_EMPTY_BODY = YES;
				CLANG_WARN_ENUM_CONVERSION = YES;
				CLANG_WARN_INFINITE_RECURSION = YES;
				CLANG_WARN_INT_CONVERSION = YES;
				CLANG_WARN_OBJC_ROOT_CLASS = YES_ERROR;
				CLANG_WARN_SUSPICIOUS_MOVE = YES;
				CLANG_WARN_UNREACHABLE_CODE = YES;
				CLANG_WARN__DUPLICATE_METHOD_MATCH = YES;
				"CODE_SIGN_IDENTITY[sdk=iphoneos*]" = "iPhone Developer";
				COPY_PHASE_STRIP = NO;
				DEBUG_INFORMATION_FORMAT = "dwarf-with-dsym";
				ENABLE_NS_ASSERTIONS = NO;
				ENABLE_STRICT_OBJC_MSGSEND = YES;
				GCC_C_LANGUAGE_STANDARD = gnu99;
				GCC_NO_COMMON_BLOCKS = YES;
				GCC_WARN_64_TO_32_BIT_CONVERSION = YES;
				GCC_WARN_ABOUT_RETURN_TYPE = YES_ERROR;
				GCC_WARN_UNDECLARED_SELECTOR = YES;
				GCC_WARN_UNINITIALIZED_AUTOS = YES_AGGRESSIVE;
				GCC_WARN_UNUSED_FUNCTION = YES;
				GCC_WARN_UNUSED_VARIABLE = YES;
				IPHONEOS_DEPLOYMENT_TARGET = 9.3;
				MTL_ENABLE_DEBUG_INFO = NO;
				SDKROOT = iphoneos;
				TARGETED_DEVICE_FAMILY = "1,2";
				VALIDATE_PRODUCT = YES;
			};
			name = Release;
		};
		C045169A1D7B16F400D968D0 /* Debug */ = {
			isa = XCBuildConfiguration;
			buildSettings = {
				ASSETCATALOG_COMPILER_APPICON_NAME = AppIcon;
				CODE_SIGN_IDENTITY = "iPhone Developer";
				"CODE_SIGN_IDENTITY[sdk=iphoneos*]" = "iPhone Developer";
				INFOPLIST_FILE = "Color It!/Info.plist";
				IPHONEOS_DEPLOYMENT_TARGET = 8.0;
				LD_RUNPATH_SEARCH_PATHS = "$(inherited) @executable_path/Frameworks";
				PRODUCT_BUNDLE_IDENTIFIER = "gabriel.Color-It-";
				PRODUCT_NAME = "$(TARGET_NAME)";
				PROVISIONING_PROFILE = "";
			};
			name = Debug;
		};
		C045169B1D7B16F400D968D0 /* Release */ = {
			isa = XCBuildConfiguration;
			buildSettings = {
				ASSETCATALOG_COMPILER_APPICON_NAME = AppIcon;
				CODE_SIGN_IDENTITY = "iPhone Developer";
				"CODE_SIGN_IDENTITY[sdk=iphoneos*]" = "iPhone Developer";
				INFOPLIST_FILE = "Color It!/Info.plist";
				IPHONEOS_DEPLOYMENT_TARGET = 8.0;
				LD_RUNPATH_SEARCH_PATHS = "$(inherited) @executable_path/Frameworks";
				PRODUCT_BUNDLE_IDENTIFIER = "gabriel.Color-It-";
				PRODUCT_NAME = "$(TARGET_NAME)";
				PROVISIONING_PROFILE = "";
			};
			name = Release;
		};
		C045169D1D7B16F400D968D0 /* Debug */ = {
			isa = XCBuildConfiguration;
			buildSettings = {
				BUNDLE_LOADER = "$(TEST_HOST)";
				INFOPLIST_FILE = "Color It!Tests/Info.plist";
				LD_RUNPATH_SEARCH_PATHS = "$(inherited) @executable_path/Frameworks @loader_path/Frameworks";
				PRODUCT_BUNDLE_IDENTIFIER = "gabriel.Color-It-Tests";
				PRODUCT_NAME = "$(TARGET_NAME)";
				TEST_HOST = "$(BUILT_PRODUCTS_DIR)/Color It!.app/Color It!";
			};
			name = Debug;
		};
		C045169E1D7B16F400D968D0 /* Release */ = {
			isa = XCBuildConfiguration;
			buildSettings = {
				BUNDLE_LOADER = "$(TEST_HOST)";
				INFOPLIST_FILE = "Color It!Tests/Info.plist";
				LD_RUNPATH_SEARCH_PATHS = "$(inherited) @executable_path/Frameworks @loader_path/Frameworks";
				PRODUCT_BUNDLE_IDENTIFIER = "gabriel.Color-It-Tests";
				PRODUCT_NAME = "$(TARGET_NAME)";
				TEST_HOST = "$(BUILT_PRODUCTS_DIR)/Color It!.app/Color It!";
			};
			name = Release;
		};
		C04516A01D7B16F400D968D0 /* Debug */ = {
			isa = XCBuildConfiguration;
			buildSettings = {
				INFOPLIST_FILE = "Color It!UITests/Info.plist";
				LD_RUNPATH_SEARCH_PATHS = "$(inherited) @executable_path/Frameworks @loader_path/Frameworks";
				PRODUCT_BUNDLE_IDENTIFIER = "gabriel.Color-It-UITests";
				PRODUCT_NAME = "$(TARGET_NAME)";
				TEST_TARGET_NAME = "Color It!";
			};
			name = Debug;
		};
		C04516A11D7B16F400D968D0 /* Release */ = {
			isa = XCBuildConfiguration;
			buildSettings = {
				INFOPLIST_FILE = "Color It!UITests/Info.plist";
				LD_RUNPATH_SEARCH_PATHS = "$(inherited) @executable_path/Frameworks @loader_path/Frameworks";
				PRODUCT_BUNDLE_IDENTIFIER = "gabriel.Color-It-UITests";
				PRODUCT_NAME = "$(TARGET_NAME)";
				TEST_TARGET_NAME = "Color It!";
			};
			name = Release;
		};
/* End XCBuildConfiguration section */

/* Begin XCConfigurationList section */
		C04516671D7B16F200D968D0 /* Build configuration list for PBXProject "Color It!" */ = {
			isa = XCConfigurationList;
			buildConfigurations = (
				C04516971D7B16F400D968D0 /* Debug */,
				C04516981D7B16F400D968D0 /* Release */,
			);
			defaultConfigurationIsVisible = 0;
			defaultConfigurationName = Release;
		};
		C04516991D7B16F400D968D0 /* Build configuration list for PBXNativeTarget "Color It!" */ = {
			isa = XCConfigurationList;
			buildConfigurations = (
				C045169A1D7B16F400D968D0 /* Debug */,
				C045169B1D7B16F400D968D0 /* Release */,
			);
			defaultConfigurationIsVisible = 0;
			defaultConfigurationName = Release;
		};
		C045169C1D7B16F400D968D0 /* Build configuration list for PBXNativeTarget "Color It!Tests" */ = {
			isa = XCConfigurationList;
			buildConfigurations = (
				C045169D1D7B16F400D968D0 /* Debug */,
				C045169E1D7B16F400D968D0 /* Release */,
			);
			defaultConfigurationIsVisible = 0;
			defaultConfigurationName = Release;
		};
		C045169F1D7B16F400D968D0 /* Build configuration list for PBXNativeTarget "Color It!UITests" */ = {
			isa = XCConfigurationList;
			buildConfigurations = (
				C04516A01D7B16F400D968D0 /* Debug */,
				C04516A11D7B16F400D968D0 /* Release */,
			);
			defaultConfigurationIsVisible = 0;
			defaultConfigurationName = Release;
		};
/* End XCConfigurationList section */
	};
	rootObject = C04516641D7B16F200D968D0 /* Project object */;
}
